
Microsoft Visual Studio Solution File, Format Version 12.00
# Visual Studio Version 17
VisualStudioVersion = 17.14.36221.1 d17.14
MinimumVisualStudioVersion = 10.0.40219.1
Project("{FAE04EC0-301F-11D3-BF4B-00C04F79EFBC}") = "Company.Marwan.PL", "Company.Marwan.PL\Company.Marwan.PL.csproj", "{AA3E96E2-724F-46AE-ACC9-2252E2F8E070}"
EndProject
Project("{FAE04EC0-301F-11D3-BF4B-00C04F79EFBC}") = "Company.Marwan.BLL", "Company.Marwan.DAL\Company.Marwan.BLL.csproj", "{885A5015-53D6-4465-893B-CD5E8A63C82B}"
EndProject
Project("{FAE04EC0-301F-11D3-BF4B-00C04F79EFBC}") = "Company.Marwan.DAL", "Company.Marwan.DLL\Company.Marwan.DAL.csproj", "{4A05EEAE-0176-4566-874A-4F4CE1DCC258}"
EndProject
Global
	GlobalSection(SolutionConfigurationPlatforms) = preSolution
		Debug|Any CPU = Debug|Any CPU
		Release|Any CPU = Release|Any CPU
	EndGlobalSection
	GlobalSection(ProjectConfigurationPlatforms) = postSolution
		{AA3E96E2-724F-46AE-ACC9-2252E2F8E070}.Debug|Any CPU.ActiveCfg = Debug|Any CPU
		{AA3E96E2-724F-46AE-ACC9-2252E2F8E070}.Debug|Any CPU.Build.0 = Debug|Any CPU
		{AA3E96E2-724F-46AE-ACC9-2252E2F8E070}.Release|Any CPU.ActiveCfg = Release|Any CPU
		{AA3E96E2-724F-46AE-ACC9-2252E2F8E070}.Release|Any CPU.Build.0 = Release|Any CPU
		{885A5015-53D6-4465-893B-CD5E8A63C82B}.Debug|Any CPU.ActiveCfg = Debug|Any CPU
		{885A5015-53D6-4465-893B-CD5E8A63C82B}.Debug|Any CPU.Build.0 = Debug|Any CPU
		{885A5015-53D6-4465-893B-CD5E8A63C82B}.Release|Any CPU.ActiveCfg = Release|Any CPU
		{885A5015-53D6-4465-893B-CD5E8A63C82B}.Release|Any CPU.Build.0 = Release|Any CPU
		{4A05EEAE-0176-4566-874A-4F4CE1DCC258}.Debug|Any CPU.ActiveCfg = Debug|Any CPU
		{4A05EEAE-0176-4566-874A-4F4CE1DCC258}.Debug|Any CPU.Build.0 = Debug|Any CPU
		{4A05EEAE-0176-4566-874A-4F4CE1DCC258}.Release|Any CPU.ActiveCfg = Release|Any CPU
		{4A05EEAE-0176-4566-874A-4F4CE1DCC258}.Release|Any CPU.Build.0 = Release|Any CPU
	EndGlobalSection
	GlobalSection(SolutionProperties) = preSolution
		HideSolutionNode = FALSE
	EndGlobalSection
	GlobalSection(ExtensibilityGlobals) = postSolution
		SolutionGuid = {12A7FF99-C287-482F-929E-C93F252A69A2}
	EndGlobalSection
EndGlobal
